{
  "name": "shared-key",
  "version": "1.0.0",
  "lockfileVersion": 1,
  "requires": true,
  "dependencies": {
    "pure-uuid": {
      "version": "1.5.7",
      "resolved": "https://registry.npmjs.org/pure-uuid/-/pure-uuid-1.5.7.tgz",
      "integrity": "sha512-g8kcLZcJi1ePpuNxrnI6a4re2ze89FPnV6dXaDuW4K9+n+SzvolhR2uoZhHJvz1Ilba0U8hvb1clxTLN49EvuQ=="
    }
  }
}
